// !$*UTF8*$!
{
	archiveVersion = 1;
	classes = {
	};
	objectVersion = 55;
	objects = {

/* Begin PBXBuildFile section */
		DDB551F82799BCFE00DE6B2C /* Rubik-Regular.ttf in Resources */ = {isa = PBXBuildFile; fileRef = DDB551F72799BCFE00DE6B2C /* Rubik-Regular.ttf */; };
		EFC4D130278DD38000AF7C50 /* AppDelegate.swift in Sources */ = {isa = PBXBuildFile; fileRef = EFC4D12F278DD38000AF7C50 /* AppDelegate.swift */; };
		EFC4D132278DD38000AF7C50 /* SceneDelegate.swift in Sources */ = {isa = PBXBuildFile; fileRef = EFC4D131278DD38000AF7C50 /* SceneDelegate.swift */; };
		EFC4D134278DD38000AF7C50 /* ViewController.swift in Sources */ = {isa = PBXBuildFile; fileRef = EFC4D133278DD38000AF7C50 /* ViewController.swift */; };
		EFC4D137278DD38100AF7C50 /* Main.storyboard in Resources */ = {isa = PBXBuildFile; fileRef = EFC4D135278DD38000AF7C50 /* Main.storyboard */; };
		EFC4D139278DD38200AF7C50 /* Assets.xcassets in Resources */ = {isa = PBXBuildFile; fileRef = EFC4D138278DD38200AF7C50 /* Assets.xcassets */; };
		EFC4D13C278DD38200AF7C50 /* LaunchScreen.storyboard in Resources */ = {isa = PBXBuildFile; fileRef = EFC4D13A278DD38200AF7C50 /* LaunchScreen.storyboard */; };
		EFC4D145278DD53500AF7C50 /* Moya in Frameworks */ = {isa = PBXBuildFile; productRef = EFC4D144278DD53500AF7C50 /* Moya */; };
		EFC4D148278DD5F700AF7C50 /* Realm in Frameworks */ = {isa = PBXBuildFile; productRef = EFC4D147278DD5F700AF7C50 /* Realm */; };
		EFC4D14A278DD5F700AF7C50 /* RealmSwift in Frameworks */ = {isa = PBXBuildFile; productRef = EFC4D149278DD5F700AF7C50 /* RealmSwift */; };
		EFC4D151278DD8B200AF7C50 /* OnboardingViewController.swift in Sources */ = {isa = PBXBuildFile; fileRef = EFC4D150278DD8B200AF7C50 /* OnboardingViewController.swift */; };
		EFC4D154278DD91000AF7C50 /* MainViewController.swift in Sources */ = {isa = PBXBuildFile; fileRef = EFC4D153278DD91000AF7C50 /* MainViewController.swift */; };
		EFC4D157278DDC6F00AF7C50 /* BaseViewController.swift in Sources */ = {isa = PBXBuildFile; fileRef = EFC4D156278DDC6F00AF7C50 /* BaseViewController.swift */; };
		EFC4D15B278DDCC400AF7C50 /* ModulesFactory.swift in Sources */ = {isa = PBXBuildFile; fileRef = EFC4D15A278DDCC400AF7C50 /* ModulesFactory.swift */; };
		EFC4D15F278DE29A00AF7C50 /* MainViewPresenter.swift in Sources */ = {isa = PBXBuildFile; fileRef = EFC4D15E278DE29A00AF7C50 /* MainViewPresenter.swift */; };
		EFC4D162278DE2E600AF7C50 /* MainViewControllerInput.swift in Sources */ = {isa = PBXBuildFile; fileRef = EFC4D161278DE2E600AF7C50 /* MainViewControllerInput.swift */; };
		EFC4D164278DE2EE00AF7C50 /* MainViewControllerOutput.swift in Sources */ = {isa = PBXBuildFile; fileRef = EFC4D163278DE2EE00AF7C50 /* MainViewControllerOutput.swift */; };
		EFC4D16B278F1D8800AF7C50 /* OnboardingViewPresenter.swift in Sources */ = {isa = PBXBuildFile; fileRef = EFC4D16A278F1D8800AF7C50 /* OnboardingViewPresenter.swift */; };
		EFC4D16E278F1DCA00AF7C50 /* OnboardingViewInput.swift in Sources */ = {isa = PBXBuildFile; fileRef = EFC4D16D278F1DCA00AF7C50 /* OnboardingViewInput.swift */; };
		EFC4D170278F1DD500AF7C50 /* OnboardingViewOutput.swift in Sources */ = {isa = PBXBuildFile; fileRef = EFC4D16F278F1DD500AF7C50 /* OnboardingViewOutput.swift */; };
		EFC4D172278F1FD200AF7C50 /* LocationManager.swift in Sources */ = {isa = PBXBuildFile; fileRef = EFC4D171278F1FD200AF7C50 /* LocationManager.swift */; };
		EFC4D175278F22F900AF7C50 /* Assembly.swift in Sources */ = {isa = PBXBuildFile; fileRef = EFC4D174278F22F900AF7C50 /* Assembly.swift */; };
		EFC4D17B278F26C100AF7C50 /* RootNavigationViewController.swift in Sources */ = {isa = PBXBuildFile; fileRef = EFC4D17A278F26C100AF7C50 /* RootNavigationViewController.swift */; };
		EFC4D17E278F2DAA00AF7C50 /* StorageService.swift in Sources */ = {isa = PBXBuildFile; fileRef = EFC4D17D278F2DAA00AF7C50 /* StorageService.swift */; };
/* End PBXBuildFile section */

/* Begin PBXFileReference section */
		DDB551F72799BCFE00DE6B2C /* Rubik-Regular.ttf */ = {isa = PBXFileReference; lastKnownFileType = file; path = "Rubik-Regular.ttf"; sourceTree = "<group>"; };
		EFC4D12C278DD38000AF7C50 /* WeatherApp.app */ = {isa = PBXFileReference; explicitFileType = wrapper.application; includeInIndex = 0; path = WeatherApp.app; sourceTree = BUILT_PRODUCTS_DIR; };
		EFC4D12F278DD38000AF7C50 /* AppDelegate.swift */ = {isa = PBXFileReference; lastKnownFileType = sourcecode.swift; path = AppDelegate.swift; sourceTree = "<group>"; };
		EFC4D131278DD38000AF7C50 /* SceneDelegate.swift */ = {isa = PBXFileReference; lastKnownFileType = sourcecode.swift; path = SceneDelegate.swift; sourceTree = "<group>"; };
		EFC4D133278DD38000AF7C50 /* ViewController.swift */ = {isa = PBXFileReference; lastKnownFileType = sourcecode.swift; path = ViewController.swift; sourceTree = "<group>"; };
		EFC4D136278DD38000AF7C50 /* Base */ = {isa = PBXFileReference; lastKnownFileType = file.storyboard; name = Base; path = Base.lproj/Main.storyboard; sourceTree = "<group>"; };
		EFC4D138278DD38200AF7C50 /* Assets.xcassets */ = {isa = PBXFileReference; lastKnownFileType = folder.assetcatalog; path = Assets.xcassets; sourceTree = "<group>"; };
		EFC4D13B278DD38200AF7C50 /* Base */ = {isa = PBXFileReference; lastKnownFileType = file.storyboard; name = Base; path = Base.lproj/LaunchScreen.storyboard; sourceTree = "<group>"; };
		EFC4D13D278DD38200AF7C50 /* Info.plist */ = {isa = PBXFileReference; lastKnownFileType = text.plist.xml; path = Info.plist; sourceTree = "<group>"; };
		EFC4D150278DD8B200AF7C50 /* OnboardingViewController.swift */ = {isa = PBXFileReference; lastKnownFileType = sourcecode.swift; path = OnboardingViewController.swift; sourceTree = "<group>"; };
		EFC4D153278DD91000AF7C50 /* MainViewController.swift */ = {isa = PBXFileReference; lastKnownFileType = sourcecode.swift; path = MainViewController.swift; sourceTree = "<group>"; };
		EFC4D156278DDC6F00AF7C50 /* BaseViewController.swift */ = {isa = PBXFileReference; lastKnownFileType = sourcecode.swift; path = BaseViewController.swift; sourceTree = "<group>"; };
		EFC4D15A278DDCC400AF7C50 /* ModulesFactory.swift */ = {isa = PBXFileReference; lastKnownFileType = sourcecode.swift; path = ModulesFactory.swift; sourceTree = "<group>"; };
		EFC4D15E278DE29A00AF7C50 /* MainViewPresenter.swift */ = {isa = PBXFileReference; lastKnownFileType = sourcecode.swift; path = MainViewPresenter.swift; sourceTree = "<group>"; };
		EFC4D161278DE2E600AF7C50 /* MainViewControllerInput.swift */ = {isa = PBXFileReference; lastKnownFileType = sourcecode.swift; path = MainViewControllerInput.swift; sourceTree = "<group>"; };
		EFC4D163278DE2EE00AF7C50 /* MainViewControllerOutput.swift */ = {isa = PBXFileReference; lastKnownFileType = sourcecode.swift; path = MainViewControllerOutput.swift; sourceTree = "<group>"; };
		EFC4D16A278F1D8800AF7C50 /* OnboardingViewPresenter.swift */ = {isa = PBXFileReference; lastKnownFileType = sourcecode.swift; path = OnboardingViewPresenter.swift; sourceTree = "<group>"; };
		EFC4D16D278F1DCA00AF7C50 /* OnboardingViewInput.swift */ = {isa = PBXFileReference; lastKnownFileType = sourcecode.swift; path = OnboardingViewInput.swift; sourceTree = "<group>"; };
		EFC4D16F278F1DD500AF7C50 /* OnboardingViewOutput.swift */ = {isa = PBXFileReference; lastKnownFileType = sourcecode.swift; path = OnboardingViewOutput.swift; sourceTree = "<group>"; };
		EFC4D171278F1FD200AF7C50 /* LocationManager.swift */ = {isa = PBXFileReference; lastKnownFileType = sourcecode.swift; path = LocationManager.swift; sourceTree = "<group>"; };
		EFC4D174278F22F900AF7C50 /* Assembly.swift */ = {isa = PBXFileReference; lastKnownFileType = sourcecode.swift; path = Assembly.swift; sourceTree = "<group>"; };
		EFC4D17A278F26C100AF7C50 /* RootNavigationViewController.swift */ = {isa = PBXFileReference; lastKnownFileType = sourcecode.swift; path = RootNavigationViewController.swift; sourceTree = "<group>"; };
		EFC4D17D278F2DAA00AF7C50 /* StorageService.swift */ = {isa = PBXFileReference; lastKnownFileType = sourcecode.swift; path = StorageService.swift; sourceTree = "<group>"; };
/* End PBXFileReference section */

/* Begin PBXFrameworksBuildPhase section */
		EFC4D129278DD38000AF7C50 /* Frameworks */ = {
			isa = PBXFrameworksBuildPhase;
			buildActionMask = 2147483647;
			files = (
				EFC4D14A278DD5F700AF7C50 /* RealmSwift in Frameworks */,
				EFC4D148278DD5F700AF7C50 /* Realm in Frameworks */,
				EFC4D145278DD53500AF7C50 /* Moya in Frameworks */,
			);
			runOnlyForDeploymentPostprocessing = 0;
		};
/* End PBXFrameworksBuildPhase section */

/* Begin PBXGroup section */
		EFC4D123278DD38000AF7C50 = {
			isa = PBXGroup;
			children = (
				EFC4D12E278DD38000AF7C50 /* WeatherApp */,
				EFC4D12D278DD38000AF7C50 /* Products */,
			);
			sourceTree = "<group>";
		};
		EFC4D12D278DD38000AF7C50 /* Products */ = {
			isa = PBXGroup;
			children = (
				EFC4D12C278DD38000AF7C50 /* WeatherApp.app */,
			);
			name = Products;
			sourceTree = "<group>";
		};
		EFC4D12E278DD38000AF7C50 /* WeatherApp */ = {
			isa = PBXGroup;
			children = (
				EFC4D173278F22EC00AF7C50 /* Assembly */,
				EFC4D159278DDCB600AF7C50 /* Factories */,
				EFC4D155278DDC6600AF7C50 /* Helpers */,
				EFC4D14D278DD88400AF7C50 /* Services */,
				EFC4D14C278DD87E00AF7C50 /* Modules */,
				EFC4D12F278DD38000AF7C50 /* AppDelegate.swift */,
				EFC4D131278DD38000AF7C50 /* SceneDelegate.swift */,
				EFC4D133278DD38000AF7C50 /* ViewController.swift */,
				EFC4D135278DD38000AF7C50 /* Main.storyboard */,
				EFC4D138278DD38200AF7C50 /* Assets.xcassets */,
				EFC4D13A278DD38200AF7C50 /* LaunchScreen.storyboard */,
				EFC4D13D278DD38200AF7C50 /* Info.plist */,
				DDB551F72799BCFE00DE6B2C /* Rubik-Regular.ttf */,
			);
			path = WeatherApp;
			sourceTree = "<group>";
		};
		EFC4D14C278DD87E00AF7C50 /* Modules */ = {
			isa = PBXGroup;
			children = (
				EFC4D176278F269900AF7C50 /* Root */,
				EFC4D152278DD90100AF7C50 /* Main */,
				EFC4D14E278DD88E00AF7C50 /* Onboarding */,
			);
			path = Modules;
			sourceTree = "<group>";
		};
		EFC4D14D278DD88400AF7C50 /* Services */ = {
			isa = PBXGroup;
			children = (
				EFC4D171278F1FD200AF7C50 /* LocationManager.swift */,
				EFC4D17D278F2DAA00AF7C50 /* StorageService.swift */,
			);
			path = Services;
			sourceTree = "<group>";
		};
		EFC4D14E278DD88E00AF7C50 /* Onboarding */ = {
			isa = PBXGroup;
			children = (
				EFC4D16C278F1D9E00AF7C50 /* Interface */,
				EFC4D169278F1D7A00AF7C50 /* Presenter */,
				EFC4D14F278DD8A200AF7C50 /* View */,
			);
			path = Onboarding;
			sourceTree = "<group>";
		};
		EFC4D14F278DD8A200AF7C50 /* View */ = {
			isa = PBXGroup;
			children = (
				EFC4D150278DD8B200AF7C50 /* OnboardingViewController.swift */,
			);
			path = View;
			sourceTree = "<group>";
		};
		EFC4D152278DD90100AF7C50 /* Main */ = {
			isa = PBXGroup;
			children = (
				EFC4D160278DE2A800AF7C50 /* Interface */,
				EFC4D15D278DE28F00AF7C50 /* View */,
				EFC4D15C278DE28900AF7C50 /* Presenter */,
			);
			path = Main;
			sourceTree = "<group>";
		};
		EFC4D155278DDC6600AF7C50 /* Helpers */ = {
			isa = PBXGroup;
			children = (
				EFC4D156278DDC6F00AF7C50 /* BaseViewController.swift */,
			);
			path = Helpers;
			sourceTree = "<group>";
		};
		EFC4D159278DDCB600AF7C50 /* Factories */ = {
			isa = PBXGroup;
			children = (
				EFC4D15A278DDCC400AF7C50 /* ModulesFactory.swift */,
			);
			path = Factories;
			sourceTree = "<group>";
		};
		EFC4D15C278DE28900AF7C50 /* Presenter */ = {
			isa = PBXGroup;
			children = (
				EFC4D15E278DE29A00AF7C50 /* MainViewPresenter.swift */,
			);
			path = Presenter;
			sourceTree = "<group>";
		};
		EFC4D15D278DE28F00AF7C50 /* View */ = {
			isa = PBXGroup;
			children = (
				EFC4D153278DD91000AF7C50 /* MainViewController.swift */,
			);
			path = View;
			sourceTree = "<group>";
		};
		EFC4D160278DE2A800AF7C50 /* Interface */ = {
			isa = PBXGroup;
			children = (
				EFC4D161278DE2E600AF7C50 /* MainViewControllerInput.swift */,
				EFC4D163278DE2EE00AF7C50 /* MainViewControllerOutput.swift */,
			);
			path = Interface;
			sourceTree = "<group>";
		};
		EFC4D169278F1D7A00AF7C50 /* Presenter */ = {
			isa = PBXGroup;
			children = (
				EFC4D16A278F1D8800AF7C50 /* OnboardingViewPresenter.swift */,
			);
			path = Presenter;
			sourceTree = "<group>";
		};
		EFC4D16C278F1D9E00AF7C50 /* Interface */ = {
			isa = PBXGroup;
			children = (
				EFC4D16D278F1DCA00AF7C50 /* OnboardingViewInput.swift */,
				EFC4D16F278F1DD500AF7C50 /* OnboardingViewOutput.swift */,
			);
			path = Interface;
			sourceTree = "<group>";
		};
		EFC4D173278F22EC00AF7C50 /* Assembly */ = {
			isa = PBXGroup;
			children = (
				EFC4D174278F22F900AF7C50 /* Assembly.swift */,
			);
			path = Assembly;
			sourceTree = "<group>";
		};
		EFC4D176278F269900AF7C50 /* Root */ = {
			isa = PBXGroup;
			children = (
				EFC4D179278F26A700AF7C50 /* Interface */,
				EFC4D178278F26A400AF7C50 /* View */,
				EFC4D177278F269F00AF7C50 /* Presenter */,
			);
			path = Root;
			sourceTree = "<group>";
		};
		EFC4D177278F269F00AF7C50 /* Presenter */ = {
			isa = PBXGroup;
			children = (
			);
			path = Presenter;
			sourceTree = "<group>";
		};
		EFC4D178278F26A400AF7C50 /* View */ = {
			isa = PBXGroup;
			children = (
				EFC4D17A278F26C100AF7C50 /* RootNavigationViewController.swift */,
			);
			path = View;
			sourceTree = "<group>";
		};
		EFC4D179278F26A700AF7C50 /* Interface */ = {
			isa = PBXGroup;
			children = (
			);
			path = Interface;
			sourceTree = "<group>";
		};
/* End PBXGroup section */

/* Begin PBXNativeTarget section */
		EFC4D12B278DD38000AF7C50 /* WeatherApp */ = {
			isa = PBXNativeTarget;
			buildConfigurationList = EFC4D140278DD38200AF7C50 /* Build configuration list for PBXNativeTarget "WeatherApp" */;
			buildPhases = (
				EFC4D128278DD38000AF7C50 /* Sources */,
				EFC4D129278DD38000AF7C50 /* Frameworks */,
				EFC4D12A278DD38000AF7C50 /* Resources */,
			);
			buildRules = (
			);
			dependencies = (
			);
			name = WeatherApp;
			packageProductDependencies = (
				EFC4D144278DD53500AF7C50 /* Moya */,
				EFC4D147278DD5F700AF7C50 /* Realm */,
				EFC4D149278DD5F700AF7C50 /* RealmSwift */,
			);
			productName = WeatherApp;
			productReference = EFC4D12C278DD38000AF7C50 /* WeatherApp.app */;
			productType = "com.apple.product-type.application";
		};
/* End PBXNativeTarget section */

/* Begin PBXProject section */
		EFC4D124278DD38000AF7C50 /* Project object */ = {
			isa = PBXProject;
			attributes = {
				BuildIndependentTargetsInParallel = 1;
				LastSwiftUpdateCheck = 1320;
				LastUpgradeCheck = 1320;
				TargetAttributes = {
					EFC4D12B278DD38000AF7C50 = {
						CreatedOnToolsVersion = 13.2.1;
					};
				};
			};
			buildConfigurationList = EFC4D127278DD38000AF7C50 /* Build configuration list for PBXProject "WeatherApp" */;
			compatibilityVersion = "Xcode 13.0";
			developmentRegion = en;
			hasScannedForEncodings = 0;
			knownRegions = (
				en,
				Base,
			);
			mainGroup = EFC4D123278DD38000AF7C50;
			packageReferences = (
				EFC4D143278DD53500AF7C50 /* XCRemoteSwiftPackageReference "Moya" */,
				EFC4D146278DD5F700AF7C50 /* XCRemoteSwiftPackageReference "realm-swift" */,
			);
			productRefGroup = EFC4D12D278DD38000AF7C50 /* Products */;
			projectDirPath = "";
			projectRoot = "";
			targets = (
				EFC4D12B278DD38000AF7C50 /* WeatherApp */,
			);
		};
/* End PBXProject section */

/* Begin PBXResourcesBuildPhase section */
		EFC4D12A278DD38000AF7C50 /* Resources */ = {
			isa = PBXResourcesBuildPhase;
			buildActionMask = 2147483647;
			files = (
				EFC4D13C278DD38200AF7C50 /* LaunchScreen.storyboard in Resources */,
				DDB551F82799BCFE00DE6B2C /* Rubik-Regular.ttf in Resources */,
				EFC4D139278DD38200AF7C50 /* Assets.xcassets in Resources */,
				EFC4D137278DD38100AF7C50 /* Main.storyboard in Resources */,
			);
			runOnlyForDeploymentPostprocessing = 0;
		};
/* End PBXResourcesBuildPhase section */

/* Begin PBXSourcesBuildPhase section */
		EFC4D128278DD38000AF7C50 /* Sources */ = {
			isa = PBXSourcesBuildPhase;
			buildActionMask = 2147483647;
			files = (
				EFC4D17B278F26C100AF7C50 /* RootNavigationViewController.swift in Sources */,
				EFC4D170278F1DD500AF7C50 /* OnboardingViewOutput.swift in Sources */,
				EFC4D172278F1FD200AF7C50 /* LocationManager.swift in Sources */,
				EFC4D15B278DDCC400AF7C50 /* ModulesFactory.swift in Sources */,
				EFC4D134278DD38000AF7C50 /* ViewController.swift in Sources */,
				EFC4D15F278DE29A00AF7C50 /* MainViewPresenter.swift in Sources */,
				EFC4D16B278F1D8800AF7C50 /* OnboardingViewPresenter.swift in Sources */,
				EFC4D130278DD38000AF7C50 /* AppDelegate.swift in Sources */,
				EFC4D132278DD38000AF7C50 /* SceneDelegate.swift in Sources */,
				EFC4D175278F22F900AF7C50 /* Assembly.swift in Sources */,
				EFC4D151278DD8B200AF7C50 /* OnboardingViewController.swift in Sources */,
				EFC4D164278DE2EE00AF7C50 /* MainViewControllerOutput.swift in Sources */,
				EFC4D17E278F2DAA00AF7C50 /* StorageService.swift in Sources */,
				EFC4D154278DD91000AF7C50 /* MainViewController.swift in Sources */,
				EFC4D157278DDC6F00AF7C50 /* BaseViewController.swift in Sources */,
				EFC4D16E278F1DCA00AF7C50 /* OnboardingViewInput.swift in Sources */,
				EFC4D162278DE2E600AF7C50 /* MainViewControllerInput.swift in Sources */,
			);
			runOnlyForDeploymentPostprocessing = 0;
		};
/* End PBXSourcesBuildPhase section */

/* Begin PBXVariantGroup section */
		EFC4D135278DD38000AF7C50 /* Main.storyboard */ = {
			isa = PBXVariantGroup;
			children = (
				EFC4D136278DD38000AF7C50 /* Base */,
			);
			name = Main.storyboard;
			sourceTree = "<group>";
		};
		EFC4D13A278DD38200AF7C50 /* LaunchScreen.storyboard */ = {
			isa = PBXVariantGroup;
			children = (
				EFC4D13B278DD38200AF7C50 /* Base */,
			);
			name = LaunchScreen.storyboard;
			sourceTree = "<group>";
		};
/* End PBXVariantGroup section */

/* Begin XCBuildConfiguration section */
		EFC4D13E278DD38200AF7C50 /* Debug */ = {
			isa = XCBuildConfiguration;
			buildSettings = {
				ALWAYS_SEARCH_USER_PATHS = NO;
				CLANG_ANALYZER_NONNULL = YES;
				CLANG_ANALYZER_NUMBER_OBJECT_CONVERSION = YES_AGGRESSIVE;
				CLANG_CXX_LANGUAGE_STANDARD = "gnu++17";
				CLANG_CXX_LIBRARY = "libc++";
				CLANG_ENABLE_MODULES = YES;
				CLANG_ENABLE_OBJC_ARC = YES;
				CLANG_ENABLE_OBJC_WEAK = YES;
				CLANG_WARN_BLOCK_CAPTURE_AUTORELEASING = YES;
				CLANG_WARN_BOOL_CONVERSION = YES;
				CLANG_WARN_COMMA = YES;
				CLANG_WARN_CONSTANT_CONVERSION = YES;
				CLANG_WARN_DEPRECATED_OBJC_IMPLEMENTATIONS = YES;
				CLANG_WARN_DIRECT_OBJC_ISA_USAGE = YES_ERROR;
				CLANG_WARN_DOCUMENTATION_COMMENTS = YES;
				CLANG_WARN_EMPTY_BODY = YES;
				CLANG_WARN_ENUM_CONVERSION = YES;
				CLANG_WARN_INFINITE_RECURSION = YES;
				CLANG_WARN_INT_CONVERSION = YES;
				CLANG_WARN_NON_LITERAL_NULL_CONVERSION = YES;
				CLANG_WARN_OBJC_IMPLICIT_RETAIN_SELF = YES;
				CLANG_WARN_OBJC_LITERAL_CONVERSION = YES;
				CLANG_WARN_OBJC_ROOT_CLASS = YES_ERROR;
				CLANG_WARN_QUOTED_INCLUDE_IN_FRAMEWORK_HEADER = YES;
				CLANG_WARN_RANGE_LOOP_ANALYSIS = YES;
				CLANG_WARN_STRICT_PROTOTYPES = YES;
				CLANG_WARN_SUSPICIOUS_MOVE = YES;
				CLANG_WARN_UNGUARDED_AVAILABILITY = YES_AGGRESSIVE;
				CLANG_WARN_UNREACHABLE_CODE = YES;
				CLANG_WARN__DUPLICATE_METHOD_MATCH = YES;
				COPY_PHASE_STRIP = NO;
				DEBUG_INFORMATION_FORMAT = dwarf;
				ENABLE_STRICT_OBJC_MSGSEND = YES;
				ENABLE_TESTABILITY = YES;
				GCC_C_LANGUAGE_STANDARD = gnu11;
				GCC_DYNAMIC_NO_PIC = NO;
				GCC_NO_COMMON_BLOCKS = YES;
				GCC_OPTIMIZATION_LEVEL = 0;
				GCC_PREPROCESSOR_DEFINITIONS = (
					"DEBUG=1",
					"$(inherited)",
				);
				GCC_WARN_64_TO_32_BIT_CONVERSION = YES;
				GCC_WARN_ABOUT_RETURN_TYPE = YES_ERROR;
				GCC_WARN_UNDECLARED_SELECTOR = YES;
				GCC_WARN_UNINITIALIZED_AUTOS = YES_AGGRESSIVE;
				GCC_WARN_UNUSED_FUNCTION = YES;
				GCC_WARN_UNUSED_VARIABLE = YES;
				IPHONEOS_DEPLOYMENT_TARGET = 14.0;
				MTL_ENABLE_DEBUG_INFO = INCLUDE_SOURCE;
				MTL_FAST_MATH = YES;
				ONLY_ACTIVE_ARCH = YES;
				SDKROOT = iphoneos;
				SWIFT_ACTIVE_COMPILATION_CONDITIONS = DEBUG;
				SWIFT_OPTIMIZATION_LEVEL = "-Onone";
			};
			name = Debug;
		};
		EFC4D13F278DD38200AF7C50 /* Release */ = {
			isa = XCBuildConfiguration;
			buildSettings = {
				ALWAYS_SEARCH_USER_PATHS = NO;
				CLANG_ANALYZER_NONNULL = YES;
				CLANG_ANALYZER_NUMBER_OBJECT_CONVERSION = YES_AGGRESSIVE;
				CLANG_CXX_LANGUAGE_STANDARD = "gnu++17";
				CLANG_CXX_LIBRARY = "libc++";
				CLANG_ENABLE_MODULES = YES;
				CLANG_ENABLE_OBJC_ARC = YES;
				CLANG_ENABLE_OBJC_WEAK = YES;
				CLANG_WARN_BLOCK_CAPTURE_AUTORELEASING = YES;
				CLANG_WARN_BOOL_CONVERSION = YES;
				CLANG_WARN_COMMA = YES;
				CLANG_WARN_CONSTANT_CONVERSION = YES;
				CLANG_WARN_DEPRECATED_OBJC_IMPLEMENTATIONS = YES;
				CLANG_WARN_DIRECT_OBJC_ISA_USAGE = YES_ERROR;
				CLANG_WARN_DOCUMENTATION_COMMENTS = YES;
				CLANG_WARN_EMPTY_BODY = YES;
				CLANG_WARN_ENUM_CONVERSION = YES;
				CLANG_WARN_INFINITE_RECURSION = YES;
				CLANG_WARN_INT_CONVERSION = YES;
				CLANG_WARN_NON_LITERAL_NULL_CONVERSION = YES;
				CLANG_WARN_OBJC_IMPLICIT_RETAIN_SELF = YES;
				CLANG_WARN_OBJC_LITERAL_CONVERSION = YES;
				CLANG_WARN_OBJC_ROOT_CLASS = YES_ERROR;
				CLANG_WARN_QUOTED_INCLUDE_IN_FRAMEWORK_HEADER = YES;
				CLANG_WARN_RANGE_LOOP_ANALYSIS = YES;
				CLANG_WARN_STRICT_PROTOTYPES = YES;
				CLANG_WARN_SUSPICIOUS_MOVE = YES;
				CLANG_WARN_UNGUARDED_AVAILABILITY = YES_AGGRESSIVE;
				CLANG_WARN_UNREACHABLE_CODE = YES;
				CLANG_WARN__DUPLICATE_METHOD_MATCH = YES;
				COPY_PHASE_STRIP = NO;
				DEBUG_INFORMATION_FORMAT = "dwarf-with-dsym";
				ENABLE_NS_ASSERTIONS = NO;
				ENABLE_STRICT_OBJC_MSGSEND = YES;
				GCC_C_LANGUAGE_STANDARD = gnu11;
				GCC_NO_COMMON_BLOCKS = YES;
				GCC_WARN_64_TO_32_BIT_CONVERSION = YES;
				GCC_WARN_ABOUT_RETURN_TYPE = YES_ERROR;
				GCC_WARN_UNDECLARED_SELECTOR = YES;
				GCC_WARN_UNINITIALIZED_AUTOS = YES_AGGRESSIVE;
				GCC_WARN_UNUSED_FUNCTION = YES;
				GCC_WARN_UNUSED_VARIABLE = YES;
				IPHONEOS_DEPLOYMENT_TARGET = 14.0;
				MTL_ENABLE_DEBUG_INFO = NO;
				MTL_FAST_MATH = YES;
				SDKROOT = iphoneos;
				SWIFT_COMPILATION_MODE = wholemodule;
				SWIFT_OPTIMIZATION_LEVEL = "-O";
				VALIDATE_PRODUCT = YES;
			};
			name = Release;
		};
		EFC4D141278DD38200AF7C50 /* Debug */ = {
			isa = XCBuildConfiguration;
			buildSettings = {
				ASSETCATALOG_COMPILER_APPICON_NAME = AppIcon;
				ASSETCATALOG_COMPILER_GLOBAL_ACCENT_COLOR_NAME = AccentColor;
				CODE_SIGN_STYLE = Automatic;
				CURRENT_PROJECT_VERSION = 1;
				DEVELOPMENT_TEAM = 6XNMN66Z79;
				GENERATE_INFOPLIST_FILE = YES;
				INFOPLIST_FILE = WeatherApp/Info.plist;
				INFOPLIST_KEY_UIApplicationSupportsIndirectInputEvents = YES;
				INFOPLIST_KEY_UILaunchStoryboardName = LaunchScreen;
				INFOPLIST_KEY_UIMainStoryboardFile = Main;
				INFOPLIST_KEY_UISupportedInterfaceOrientations_iPad = "UIInterfaceOrientationPortrait UIInterfaceOrientationPortraitUpsideDown UIInterfaceOrientationLandscapeLeft UIInterfaceOrientationLandscapeRight";
				INFOPLIST_KEY_UISupportedInterfaceOrientations_iPhone = "UIInterfaceOrientationPortrait UIInterfaceOrientationLandscapeLeft UIInterfaceOrientationLandscapeRight";
				IPHONEOS_DEPLOYMENT_TARGET = 14.0;
				LD_RUNPATH_SEARCH_PATHS = (
					"$(inherited)",
					"@executable_path/Frameworks",
				);
				MARKETING_VERSION = 1.0;
				PRODUCT_BUNDLE_IDENTIFIER = com.ba1ashov.WeatherApp;
				PRODUCT_NAME = "$(TARGET_NAME)";
				SWIFT_EMIT_LOC_STRINGS = YES;
				SWIFT_VERSION = 5.0;
				TARGETED_DEVICE_FAMILY = "1,2";
			};
			name = Debug;
		};
		EFC4D142278DD38200AF7C50 /* Release */ = {
			isa = XCBuildConfiguration;
			buildSettings = {
				ASSETCATALOG_COMPILER_APPICON_NAME = AppIcon;
				ASSETCATALOG_COMPILER_GLOBAL_ACCENT_COLOR_NAME = AccentColor;
				CODE_SIGN_STYLE = Automatic;
				CURRENT_PROJECT_VERSION = 1;
				DEVELOPMENT_TEAM = 6XNMN66Z79;
				GENERATE_INFOPLIST_FILE = YES;
				INFOPLIST_FILE = WeatherApp/Info.plist;
				INFOPLIST_KEY_UIApplicationSupportsIndirectInputEvents = YES;
				INFOPLIST_KEY_UILaunchStoryboardName = LaunchScreen;
				INFOPLIST_KEY_UIMainStoryboardFile = Main;
				INFOPLIST_KEY_UISupportedInterfaceOrientations_iPad = "UIInterfaceOrientationPortrait UIInterfaceOrientationPortraitUpsideDown UIInterfaceOrientationLandscapeLeft UIInterfaceOrientationLandscapeRight";
				INFOPLIST_KEY_UISupportedInterfaceOrientations_iPhone = "UIInterfaceOrientationPortrait UIInterfaceOrientationLandscapeLeft UIInterfaceOrientationLandscapeRight";
				IPHONEOS_DEPLOYMENT_TARGET = 14.0;
				LD_RUNPATH_SEARCH_PATHS = (
					"$(inherited)",
					"@executable_path/Frameworks",
				);
				MARKETING_VERSION = 1.0;
				PRODUCT_BUNDLE_IDENTIFIER = com.ba1ashov.WeatherApp;
				PRODUCT_NAME = "$(TARGET_NAME)";
				SWIFT_EMIT_LOC_STRINGS = YES;
				SWIFT_VERSION = 5.0;
				TARGETED_DEVICE_FAMILY = "1,2";
			};
			name = Release;
		};
/* End XCBuildConfiguration section */

/* Begin XCConfigurationList section */
		EFC4D127278DD38000AF7C50 /* Build configuration list for PBXProject "WeatherApp" */ = {
			isa = XCConfigurationList;
			buildConfigurations = (
				EFC4D13E278DD38200AF7C50 /* Debug */,
				EFC4D13F278DD38200AF7C50 /* Release */,
			);
			defaultConfigurationIsVisible = 0;
			defaultConfigurationName = Release;
		};
		EFC4D140278DD38200AF7C50 /* Build configuration list for PBXNativeTarget "WeatherApp" */ = {
			isa = XCConfigurationList;
			buildConfigurations = (
				EFC4D141278DD38200AF7C50 /* Debug */,
				EFC4D142278DD38200AF7C50 /* Release */,
			);
			defaultConfigurationIsVisible = 0;
			defaultConfigurationName = Release;
		};
/* End XCConfigurationList section */

/* Begin XCRemoteSwiftPackageReference section */
		EFC4D143278DD53500AF7C50 /* XCRemoteSwiftPackageReference "Moya" */ = {
			isa = XCRemoteSwiftPackageReference;
			repositoryURL = "https://github.com/Moya/Moya.git";
			requirement = {
				kind = upToNextMajorVersion;
				minimumVersion = 15.0.0;
			};
		};
		EFC4D146278DD5F700AF7C50 /* XCRemoteSwiftPackageReference "realm-swift" */ = {
			isa = XCRemoteSwiftPackageReference;
			repositoryURL = "https://github.com/realm/realm-swift.git";
			requirement = {
				kind = upToNextMajorVersion;
				minimumVersion = 10.0.0;
			};
		};
/* End XCRemoteSwiftPackageReference section */

/* Begin XCSwiftPackageProductDependency section */
		EFC4D144278DD53500AF7C50 /* Moya */ = {
			isa = XCSwiftPackageProductDependency;
			package = EFC4D143278DD53500AF7C50 /* XCRemoteSwiftPackageReference "Moya" */;
			productName = Moya;
		};
		EFC4D147278DD5F700AF7C50 /* Realm */ = {
			isa = XCSwiftPackageProductDependency;
			package = EFC4D146278DD5F700AF7C50 /* XCRemoteSwiftPackageReference "realm-swift" */;
			productName = Realm;
		};
		EFC4D149278DD5F700AF7C50 /* RealmSwift */ = {
			isa = XCSwiftPackageProductDependency;
			package = EFC4D146278DD5F700AF7C50 /* XCRemoteSwiftPackageReference "realm-swift" */;
			productName = RealmSwift;
		};
/* End XCSwiftPackageProductDependency section */
	};
	rootObject = EFC4D124278DD38000AF7C50 /* Project object */;
}
